
Microsoft Visual Studio Solution File, Format Version 12.00
# Visual Studio Version 16
VisualStudioVersion = 16.0.30717.126
MinimumVisualStudioVersion = 10.0.40219.1
Project("{FAE04EC0-301F-11D3-BF4B-00C04F79EFBC}") = "Roommates", "Roommates\Roommates.csproj", "{D16A64A0-BAF4-4127-BEBB-B94CB7AA431A}"
EndProject
Global
	GlobalSection(SolutionConfigurationPlatforms) = preSolution
		Debug|Any CPU = Debug|Any CPU
		Release|Any CPU = Release|Any CPU
	EndGlobalSection
	GlobalSection(ProjectConfigurationPlatforms) = postSolution
		{D16A64A0-BAF4-4127-BEBB-B94CB7AA431A}.Debug|Any CPU.ActiveCfg = Debug|Any CPU
		{D16A64A0-BAF4-4127-BEBB-B94CB7AA431A}.Debug|Any CPU.Build.0 = Debug|Any CPU
		{D16A64A0-BAF4-4127-BEBB-B94CB7AA431A}.Release|Any CPU.ActiveCfg = Release|Any CPU
		{D16A64A0-BAF4-4127-BEBB-B94CB7AA431A}.Release|Any CPU.Build.0 = Release|Any CPU
	EndGlobalSection
	GlobalSection(SolutionProperties) = preSolution
		HideSolutionNode = FALSE
	EndGlobalSection
	GlobalSection(ExtensibilityGlobals) = postSolution
		SolutionGuid = {1403B4C8-34E1-4D77-81B4-EF9747BC13B0}
	EndGlobalSection
EndGlobal
