
Microsoft Visual Studio Solution File, Format Version 12.00
# Visual Studio Version 16
VisualStudioVersion = 16.0.30717.126
MinimumVisualStudioVersion = 10.0.40219.1
Project("{FAE04EC0-301F-11D3-BF4B-00C04F79EFBC}") = "DogGo2", "DogGo2\DogGo2.csproj", "{3DD84292-3A01-47E1-A1E4-F9B74CC0AD9A}"
EndProject
Global
	GlobalSection(SolutionConfigurationPlatforms) = preSolution
		Debug|Any CPU = Debug|Any CPU
		Release|Any CPU = Release|Any CPU
	EndGlobalSection
	GlobalSection(ProjectConfigurationPlatforms) = postSolution
		{3DD84292-3A01-47E1-A1E4-F9B74CC0AD9A}.Debug|Any CPU.ActiveCfg = Debug|Any CPU
		{3DD84292-3A01-47E1-A1E4-F9B74CC0AD9A}.Debug|Any CPU.Build.0 = Debug|Any CPU
		{3DD84292-3A01-47E1-A1E4-F9B74CC0AD9A}.Release|Any CPU.ActiveCfg = Release|Any CPU
		{3DD84292-3A01-47E1-A1E4-F9B74CC0AD9A}.Release|Any CPU.Build.0 = Release|Any CPU
	EndGlobalSection
	GlobalSection(SolutionProperties) = preSolution
		HideSolutionNode = FALSE
	EndGlobalSection
	GlobalSection(ExtensibilityGlobals) = postSolution
		SolutionGuid = {40FE2DC7-24F7-406D-8E49-C4E22916F696}
	EndGlobalSection
EndGlobal
